
Microsoft Visual Studio Solution File, Format Version 12.00
# Visual Studio Version 17
VisualStudioVersion = 17.0.31903.59
MinimumVisualStudioVersion = 10.0.40219.1
Project("{2150E333-8FDC-42A3-9474-1A3956D46DE8}") = "Tests", "Tests", "{0AB3BF05-4346-4AA6-1389-037BE0695223}"
EndProject
Project("{2150E333-8FDC-42A3-9474-1A3956D46DE8}") = "Pages", "Pages", "{3A75349E-4B8D-58F7-3C7C-F3B12F44D210}"
EndProject
Project("{2150E333-8FDC-42A3-9474-1A3956D46DE8}") = "Utils", "Utils", "{F904F79D-75D5-4918-E32F-904F3CF671B2}"
EndProject
Project("{FAE04EC0-301F-11D3-BF4B-00C04F79EFBC}") = "LoginTests", "Tests\LoginTests\LoginTests.csproj", "{FCAF6B84-CD8D-49F4-B272-23D9744A5D16}"
EndProject
Global
	GlobalSection(SolutionConfigurationPlatforms) = preSolution
		Debug|Any CPU = Debug|Any CPU
		Debug|x64 = Debug|x64
		Debug|x86 = Debug|x86
		Release|Any CPU = Release|Any CPU
		Release|x64 = Release|x64
		Release|x86 = Release|x86
	EndGlobalSection
	GlobalSection(ProjectConfigurationPlatforms) = postSolution
		{FCAF6B84-CD8D-49F4-B272-23D9744A5D16}.Debug|Any CPU.ActiveCfg = Debug|Any CPU
		{FCAF6B84-CD8D-49F4-B272-23D9744A5D16}.Debug|Any CPU.Build.0 = Debug|Any CPU
		{FCAF6B84-CD8D-49F4-B272-23D9744A5D16}.Debug|x64.ActiveCfg = Debug|Any CPU
		{FCAF6B84-CD8D-49F4-B272-23D9744A5D16}.Debug|x64.Build.0 = Debug|Any CPU
		{FCAF6B84-CD8D-49F4-B272-23D9744A5D16}.Debug|x86.ActiveCfg = Debug|Any CPU
		{FCAF6B84-CD8D-49F4-B272-23D9744A5D16}.Debug|x86.Build.0 = Debug|Any CPU
		{FCAF6B84-CD8D-49F4-B272-23D9744A5D16}.Release|Any CPU.ActiveCfg = Release|Any CPU
		{FCAF6B84-CD8D-49F4-B272-23D9744A5D16}.Release|Any CPU.Build.0 = Release|Any CPU
		{FCAF6B84-CD8D-49F4-B272-23D9744A5D16}.Release|x64.ActiveCfg = Release|Any CPU
		{FCAF6B84-CD8D-49F4-B272-23D9744A5D16}.Release|x64.Build.0 = Release|Any CPU
		{FCAF6B84-CD8D-49F4-B272-23D9744A5D16}.Release|x86.ActiveCfg = Release|Any CPU
		{FCAF6B84-CD8D-49F4-B272-23D9744A5D16}.Release|x86.Build.0 = Release|Any CPU
	EndGlobalSection
	GlobalSection(SolutionProperties) = preSolution
		HideSolutionNode = FALSE
	EndGlobalSection
	GlobalSection(NestedProjects) = preSolution
		{FCAF6B84-CD8D-49F4-B272-23D9744A5D16} = {0AB3BF05-4346-4AA6-1389-037BE0695223}
	EndGlobalSection
EndGlobal
